
Microsoft Visual Studio Solution File, Format Version 12.00
# Visual Studio Version 17
VisualStudioVersion = 17.3.32929.385
MinimumVisualStudioVersion = 10.0.40219.1
Project("{FAE04EC0-301F-11D3-BF4B-00C04F79EFBC}") = "csharp-cibi-preferiti", "csharp-cibi-preferiti.csproj", "{BAFC46D5-3162-4413-9DF0-897DDEBCF876}"
EndProject
Global
	GlobalSection(SolutionConfigurationPlatforms) = preSolution
		Debug|Any CPU = Debug|Any CPU
		Release|Any CPU = Release|Any CPU
	EndGlobalSection
	GlobalSection(ProjectConfigurationPlatforms) = postSolution
		{BAFC46D5-3162-4413-9DF0-897DDEBCF876}.Debug|Any CPU.ActiveCfg = Debug|Any CPU
		{BAFC46D5-3162-4413-9DF0-897DDEBCF876}.Debug|Any CPU.Build.0 = Debug|Any CPU
		{BAFC46D5-3162-4413-9DF0-897DDEBCF876}.Release|Any CPU.ActiveCfg = Release|Any CPU
		{BAFC46D5-3162-4413-9DF0-897DDEBCF876}.Release|Any CPU.Build.0 = Release|Any CPU
	EndGlobalSection
	GlobalSection(SolutionProperties) = preSolution
		HideSolutionNode = FALSE
	EndGlobalSection
	GlobalSection(ExtensibilityGlobals) = postSolution
		SolutionGuid = {A51C0FA2-1F78-4EB1-B6D8-6ACF8B0FC57E}
	EndGlobalSection
EndGlobal
